<?xml version="1.0" encoding="utf-8"?>
<Project ToolsVersion="4.0" xmlns="http://schemas.microsoft.com/developer/msbuild/2003">
  <ItemGroup>
    <ClCompile Include="Globals.cpp" />
    <ClCompile Include="main.cpp" />
    <ClCompile Include="Renderer.cpp" />
    <ClCompile Include="GameController.cpp">
      <Filter>Game</Filter>
    </ClCompile>
    <ClCompile Include="Graph.cpp">
      <Filter>Game</Filter>
    </ClCompile>
    <ClCompile Include="Node.cpp">
      <Filter>Game</Filter>
    </ClCompile>
    <ClCompile Include="ExamplePlayer.cpp" />
    <ClCompile Include="GraphRenderer.cpp" />
    <ClCompile Include="Pawn.cpp">
      <Filter>Game</Filter>
    </ClCompile>
    <ClCompile Include="Player.cpp">
      <Filter>Game</Filter>
    </ClCompile>
    <ClCompile Include="Audio.cpp" />
    <ClCompile Include="DanceMat.cpp" />
    <ClCompile Include="HumanPlayer.cpp" />
    <ClCompile Include="Keyboard.cpp" />
    <ClCompile Include="Stats.cpp" />
    <ClCompile Include="Colour.cpp" />
    <ClCompile Include="CLIPSPlayer.cpp" />
    <ClCompile Include="clipscpplib.cpp" />
    <ClCompile Include="FuzzyPlayer.cpp" />
    <ClCompile Include="PiechotaFuzzy.cpp">
      <Filter>Bots</Filter>
    </ClCompile>
    <ClCompile Include="SpierekFuzzy.cpp">
      <Filter>Bots</Filter>
    </ClCompile>
    <ClCompile Include="NizikFuzzy.cpp">
      <Filter>Bots</Filter>
    </ClCompile>
  </ItemGroup>
  <ItemGroup>
    <ClInclude Include="Globals.h" />
    <ClInclude Include="Renderer.h" />
    <ClInclude Include="GameController.h">
      <Filter>Game</Filter>
    </ClInclude>
    <ClInclude Include="Graph.h">
      <Filter>Game</Filter>
    </ClInclude>
    <ClInclude Include="Node.h">
      <Filter>Game</Filter>
    </ClInclude>
    <ClInclude Include="ExamplePlayer.h" />
    <ClInclude Include="GraphRenderer.h" />
    <ClInclude Include="Player.h">
      <Filter>Game</Filter>
    </ClInclude>
    <ClInclude Include="Pawn.h">
      <Filter>Game</Filter>
    </ClInclude>
    <ClInclude Include="Audio.h" />
    <ClInclude Include="DanceMat.h" />
    <ClInclude Include="Headers.h" />
    <ClInclude Include="HumanPlayer.h" />
    <ClInclude Include="Keyboard.h" />
    <ClInclude Include="Stats.h" />
    <ClInclude Include="Colour.h" />
    <ClInclude Include="CLIPSPlayer.h" />
    <ClInclude Include="FuzzyPlayer.h" />
    <ClInclude Include="PiechotaFuzzy.h">
      <Filter>Bots</Filter>
    </ClInclude>
    <ClInclude Include="SpierekFuzzy.h">
      <Filter>Bots</Filter>
    </ClInclude>
    <ClInclude Include="NizikFuzzy.h">
      <Filter>Bots</Filter>
    </ClInclude>
  </ItemGroup>
  <ItemGroup>
    <Filter Include="Game">
      <UniqueIdentifier>{76c7a92a-a25c-4a7f-b1e6-4e3ab53c946d}</UniqueIdentifier>
    </Filter>
    <Filter Include="Bots">
      <UniqueIdentifier>{c05b6e0f-708e-4644-b0a9-782b708af5bb}</UniqueIdentifier>
    </Filter>
  </ItemGroup>
</Project>